// !$*UTF8*$!
{
	archiveVersion = 1;
	classes = {
	};
	objectVersion = 46;
	objects = {

/* Begin PBXBuildFile section */
		1C192F241AE2C2BC004446BB /* Icon.png in Resources */ = {isa = PBXBuildFile; fileRef = 1C192F231AE2C2BC004446BB /* Icon.png */; };
		1C5A22511AA4E29C001CE2F4 /* SMMCServiceViewController.m in Sources */ = {isa = PBXBuildFile; fileRef = 1C5A22501AA4E29C001CE2F4 /* SMMCServiceViewController.m */; };
		1C9AE2E81AE3B46A00BC7914 /* UIViewController+Orientations.m in Sources */ = {isa = PBXBuildFile; fileRef = 1C9AE2E71AE3B46A00BC7914 /* UIViewController+Orientations.m */; };
		1CB225361AB439FE00E5BC5B /* SDMMBonjourHelperChannel.m in Sources */ = {isa = PBXBuildFile; fileRef = 1CB225351AB439FE00E5BC5B /* SDMMBonjourHelperChannel.m */; };
		1CC766E41AA32CD700BF3D63 /* main.m in Sources */ = {isa = PBXBuildFile; fileRef = 1CC766E31AA32CD700BF3D63 /* main.m */; };
		1CC766E71AA32CD700BF3D63 /* AppDelegate.m in Sources */ = {isa = PBXBuildFile; fileRef = 1CC766E61AA32CD700BF3D63 /* AppDelegate.m */; };
		1CC766EA1AA32CD700BF3D63 /* SMMCServicesViewController.m in Sources */ = {isa = PBXBuildFile; fileRef = 1CC766E91AA32CD700BF3D63 /* SMMCServicesViewController.m */; };
		1CC766ED1AA32CD700BF3D63 /* Main.storyboard in Resources */ = {isa = PBXBuildFile; fileRef = 1CC766EB1AA32CD700BF3D63 /* Main.storyboard */; };
		1CC766EF1AA32CD700BF3D63 /* Images.xcassets in Resources */ = {isa = PBXBuildFile; fileRef = 1CC766EE1AA32CD700BF3D63 /* Images.xcassets */; };
		1CC767091AA32D0700BF3D63 /* SDMMClientServiceManager.m in Sources */ = {isa = PBXBuildFile; fileRef = 1CC767081AA32D0700BF3D63 /* SDMMClientServiceManager.m */; };
/* End PBXBuildFile section */

/* Begin PBXFileReference section */
		1C192F231AE2C2BC004446BB /* Icon.png */ = {isa = PBXFileReference; lastKnownFileType = image.png; path = Icon.png; sourceTree = "<group>"; };
		1C5A224F1AA4E29C001CE2F4 /* SMMCServiceViewController.h */ = {isa = PBXFileReference; fileEncoding = 4; lastKnownFileType = sourcecode.c.h; path = SMMCServiceViewController.h; sourceTree = "<group>"; };
		1C5A22501AA4E29C001CE2F4 /* SMMCServiceViewController.m */ = {isa = PBXFileReference; fileEncoding = 4; lastKnownFileType = sourcecode.c.objc; path = SMMCServiceViewController.m; sourceTree = "<group>"; };
		1C9AE2E61AE3B46A00BC7914 /* UIViewController+Orientations.h */ = {isa = PBXFileReference; fileEncoding = 4; lastKnownFileType = sourcecode.c.h; path = "UIViewController+Orientations.h"; sourceTree = "<group>"; };
		1C9AE2E71AE3B46A00BC7914 /* UIViewController+Orientations.m */ = {isa = PBXFileReference; fileEncoding = 4; lastKnownFileType = sourcecode.c.objc; path = "UIViewController+Orientations.m"; sourceTree = "<group>"; };
		1CB225341AB439FE00E5BC5B /* SDMMBonjourHelperChannel.h */ = {isa = PBXFileReference; fileEncoding = 4; lastKnownFileType = sourcecode.c.h; path = SDMMBonjourHelperChannel.h; sourceTree = "<group>"; };
		1CB225351AB439FE00E5BC5B /* SDMMBonjourHelperChannel.m */ = {isa = PBXFileReference; fileEncoding = 4; lastKnownFileType = sourcecode.c.objc; path = SDMMBonjourHelperChannel.m; sourceTree = "<group>"; };
		1CC766DE1AA32CD700BF3D63 /* ShutdownMyMac-iOS.app */ = {isa = PBXFileReference; explicitFileType = wrapper.application; includeInIndex = 0; path = "ShutdownMyMac-iOS.app"; sourceTree = BUILT_PRODUCTS_DIR; };
		1CC766E21AA32CD700BF3D63 /* Info.plist */ = {isa = PBXFileReference; lastKnownFileType = text.plist.xml; path = Info.plist; sourceTree = "<group>"; };
		1CC766E31AA32CD700BF3D63 /* main.m */ = {isa = PBXFileReference; lastKnownFileType = sourcecode.c.objc; path = main.m; sourceTree = "<group>"; };
		1CC766E51AA32CD700BF3D63 /* AppDelegate.h */ = {isa = PBXFileReference; lastKnownFileType = sourcecode.c.h; path = AppDelegate.h; sourceTree = "<group>"; };
		1CC766E61AA32CD700BF3D63 /* AppDelegate.m */ = {isa = PBXFileReference; lastKnownFileType = sourcecode.c.objc; path = AppDelegate.m; sourceTree = "<group>"; };
		1CC766E81AA32CD700BF3D63 /* SMMCServicesViewController.h */ = {isa = PBXFileReference; lastKnownFileType = sourcecode.c.h; path = SMMCServicesViewController.h; sourceTree = "<group>"; };
		1CC766E91AA32CD700BF3D63 /* SMMCServicesViewController.m */ = {isa = PBXFileReference; lastKnownFileType = sourcecode.c.objc; path = SMMCServicesViewController.m; sourceTree = "<group>"; };
		1CC766EC1AA32CD700BF3D63 /* Base */ = {isa = PBXFileReference; lastKnownFileType = file.storyboard; name = Base; path = Base.lproj/Main.storyboard; sourceTree = "<group>"; };
		1CC766EE1AA32CD700BF3D63 /* Images.xcassets */ = {isa = PBXFileReference; lastKnownFileType = folder.assetcatalog; path = Images.xcassets; sourceTree = "<group>"; };
		1CC767071AA32D0700BF3D63 /* SDMMClientServiceManager.h */ = {isa = PBXFileReference; fileEncoding = 4; lastKnownFileType = sourcecode.c.h; path = SDMMClientServiceManager.h; sourceTree = "<group>"; };
		1CC767081AA32D0700BF3D63 /* SDMMClientServiceManager.m */ = {isa = PBXFileReference; fileEncoding = 4; lastKnownFileType = sourcecode.c.objc; path = SDMMClientServiceManager.m; sourceTree = "<group>"; };
/* End PBXFileReference section */

/* Begin PBXFrameworksBuildPhase section */
		1CC766DB1AA32CD700BF3D63 /* Frameworks */ = {
			isa = PBXFrameworksBuildPhase;
			buildActionMask = 2147483647;
			files = (
			);
			runOnlyForDeploymentPostprocessing = 0;
		};
/* End PBXFrameworksBuildPhase section */

/* Begin PBXGroup section */
		1C192F221AE2C2BC004446BB /* Resources */ = {
			isa = PBXGroup;
			children = (
				1C192F231AE2C2BC004446BB /* Icon.png */,
			);
			path = Resources;
			sourceTree = "<group>";
		};
		1CC766D51AA32CD700BF3D63 = {
			isa = PBXGroup;
			children = (
				1CC766E01AA32CD700BF3D63 /* ShutdownMyMac-iOS */,
				1C192F221AE2C2BC004446BB /* Resources */,
				1CC766DF1AA32CD700BF3D63 /* Products */,
			);
			sourceTree = "<group>";
		};
		1CC766DF1AA32CD700BF3D63 /* Products */ = {
			isa = PBXGroup;
			children = (
				1CC766DE1AA32CD700BF3D63 /* ShutdownMyMac-iOS.app */,
			);
			name = Products;
			sourceTree = "<group>";
		};
		1CC766E01AA32CD700BF3D63 /* ShutdownMyMac-iOS */ = {
			isa = PBXGroup;
			children = (
				1CB225341AB439FE00E5BC5B /* SDMMBonjourHelperChannel.h */,
				1CB225351AB439FE00E5BC5B /* SDMMBonjourHelperChannel.m */,
				1CC766E51AA32CD700BF3D63 /* AppDelegate.h */,
				1CC766E61AA32CD700BF3D63 /* AppDelegate.m */,
				1CC766E81AA32CD700BF3D63 /* SMMCServicesViewController.h */,
				1CC766E91AA32CD700BF3D63 /* SMMCServicesViewController.m */,
				1C5A224F1AA4E29C001CE2F4 /* SMMCServiceViewController.h */,
				1C5A22501AA4E29C001CE2F4 /* SMMCServiceViewController.m */,
				1CC766EB1AA32CD700BF3D63 /* Main.storyboard */,
				1CC766EE1AA32CD700BF3D63 /* Images.xcassets */,
				1CC766E11AA32CD700BF3D63 /* Supporting Files */,
				1CC767071AA32D0700BF3D63 /* SDMMClientServiceManager.h */,
				1CC767081AA32D0700BF3D63 /* SDMMClientServiceManager.m */,
				1C9AE2E61AE3B46A00BC7914 /* UIViewController+Orientations.h */,
				1C9AE2E71AE3B46A00BC7914 /* UIViewController+Orientations.m */,
			);
			path = "ShutdownMyMac-iOS";
			sourceTree = "<group>";
		};
		1CC766E11AA32CD700BF3D63 /* Supporting Files */ = {
			isa = PBXGroup;
			children = (
				1CC766E21AA32CD700BF3D63 /* Info.plist */,
				1CC766E31AA32CD700BF3D63 /* main.m */,
			);
			name = "Supporting Files";
			sourceTree = "<group>";
		};
/* End PBXGroup section */

/* Begin PBXNativeTarget section */
		1CC766DD1AA32CD700BF3D63 /* ShutdownMyMac-iOS */ = {
			isa = PBXNativeTarget;
			buildConfigurationList = 1CC767011AA32CD700BF3D63 /* Build configuration list for PBXNativeTarget "ShutdownMyMac-iOS" */;
			buildPhases = (
				1CC766DA1AA32CD700BF3D63 /* Sources */,
				1CC766DB1AA32CD700BF3D63 /* Frameworks */,
				1CC766DC1AA32CD700BF3D63 /* Resources */,
			);
			buildRules = (
			);
			dependencies = (
			);
			name = "ShutdownMyMac-iOS";
			productName = "ShutdownMyMac-iOS";
			productReference = 1CC766DE1AA32CD700BF3D63 /* ShutdownMyMac-iOS.app */;
			productType = "com.apple.product-type.application";
		};
/* End PBXNativeTarget section */

/* Begin PBXProject section */
		1CC766D61AA32CD700BF3D63 /* Project object */ = {
			isa = PBXProject;
			attributes = {
				LastUpgradeCheck = 0610;
				ORGANIZATIONNAME = "Jesús";
				TargetAttributes = {
					1CC766DD1AA32CD700BF3D63 = {
						CreatedOnToolsVersion = 6.1;
					};
				};
			};
			buildConfigurationList = 1CC766D91AA32CD700BF3D63 /* Build configuration list for PBXProject "ShutdownMyMac-iOS" */;
			compatibilityVersion = "Xcode 3.2";
			developmentRegion = English;
			hasScannedForEncodings = 0;
			knownRegions = (
				en,
				Base,
			);
			mainGroup = 1CC766D51AA32CD700BF3D63;
			productRefGroup = 1CC766DF1AA32CD700BF3D63 /* Products */;
			projectDirPath = "";
			projectRoot = "";
			targets = (
				1CC766DD1AA32CD700BF3D63 /* ShutdownMyMac-iOS */,
			);
		};
/* End PBXProject section */

/* Begin PBXResourcesBuildPhase section */
		1CC766DC1AA32CD700BF3D63 /* Resources */ = {
			isa = PBXResourcesBuildPhase;
			buildActionMask = 2147483647;
			files = (
				1C192F241AE2C2BC004446BB /* Icon.png in Resources */,
				1CC766ED1AA32CD700BF3D63 /* Main.storyboard in Resources */,
				1CC766EF1AA32CD700BF3D63 /* Images.xcassets in Resources */,
			);
			runOnlyForDeploymentPostprocessing = 0;
		};
/* End PBXResourcesBuildPhase section */

/* Begin PBXSourcesBuildPhase section */
		1CC766DA1AA32CD700BF3D63 /* Sources */ = {
			isa = PBXSourcesBuildPhase;
			buildActionMask = 2147483647;
			files = (
				1C5A22511AA4E29C001CE2F4 /* SMMCServiceViewController.m in Sources */,
				1C9AE2E81AE3B46A00BC7914 /* UIViewController+Orientations.m in Sources */,
				1CB225361AB439FE00E5BC5B /* SDMMBonjourHelperChannel.m in Sources */,
				1CC766EA1AA32CD700BF3D63 /* SMMCServicesViewController.m in Sources */,
				1CC767091AA32D0700BF3D63 /* SDMMClientServiceManager.m in Sources */,
				1CC766E71AA32CD700BF3D63 /* AppDelegate.m in Sources */,
				1CC766E41AA32CD700BF3D63 /* main.m in Sources */,
			);
			runOnlyForDeploymentPostprocessing = 0;
		};
/* End PBXSourcesBuildPhase section */

/* Begin PBXVariantGroup section */
		1CC766EB1AA32CD700BF3D63 /* Main.storyboard */ = {
			isa = PBXVariantGroup;
			children = (
				1CC766EC1AA32CD700BF3D63 /* Base */,
			);
			name = Main.storyboard;
			sourceTree = "<group>";
		};
/* End PBXVariantGroup section */

/* Begin XCBuildConfiguration section */
		1CC766FF1AA32CD700BF3D63 /* Debug */ = {
			isa = XCBuildConfiguration;
			buildSettings = {
				ALWAYS_SEARCH_USER_PATHS = NO;
				CLANG_CXX_LANGUAGE_STANDARD = "gnu++0x";
				CLANG_CXX_LIBRARY = "libc++";
				CLANG_ENABLE_MODULES = YES;
				CLANG_ENABLE_OBJC_ARC = YES;
				CLANG_WARN_BOOL_CONVERSION = YES;
				CLANG_WARN_CONSTANT_CONVERSION = YES;
				CLANG_WARN_DIRECT_OBJC_ISA_USAGE = YES_ERROR;
				CLANG_WARN_EMPTY_BODY = YES;
				CLANG_WARN_ENUM_CONVERSION = YES;
				CLANG_WARN_INT_CONVERSION = YES;
				CLANG_WARN_OBJC_ROOT_CLASS = YES_ERROR;
				CLANG_WARN_UNREACHABLE_CODE = YES;
				CLANG_WARN__DUPLICATE_METHOD_MATCH = YES;
				"CODE_SIGN_IDENTITY[sdk=iphoneos*]" = "iPhone Developer";
				COPY_PHASE_STRIP = NO;
				ENABLE_STRICT_OBJC_MSGSEND = YES;
				GCC_C_LANGUAGE_STANDARD = gnu99;
				GCC_DYNAMIC_NO_PIC = NO;
				GCC_OPTIMIZATION_LEVEL = 0;
				GCC_PREPROCESSOR_DEFINITIONS = (
					"DEBUG=1",
					"$(inherited)",
				);
				GCC_SYMBOLS_PRIVATE_EXTERN = NO;
				GCC_WARN_64_TO_32_BIT_CONVERSION = YES;
				GCC_WARN_ABOUT_RETURN_TYPE = YES_ERROR;
				GCC_WARN_UNDECLARED_SELECTOR = YES;
				GCC_WARN_UNINITIALIZED_AUTOS = YES_AGGRESSIVE;
				GCC_WARN_UNUSED_FUNCTION = YES;
				GCC_WARN_UNUSED_VARIABLE = YES;
				IPHONEOS_DEPLOYMENT_TARGET = 8.1;
				MTL_ENABLE_DEBUG_INFO = YES;
				ONLY_ACTIVE_ARCH = YES;
				SDKROOT = iphoneos;
			};
			name = Debug;
		};
		1CC767001AA32CD700BF3D63 /* Release */ = {
			isa = XCBuildConfiguration;
			buildSettings = {
				ALWAYS_SEARCH_USER_PATHS = NO;
				CLANG_CXX_LANGUAGE_STANDARD = "gnu++0x";
				CLANG_CXX_LIBRARY = "libc++";
				CLANG_ENABLE_MODULES = YES;
				CLANG_ENABLE_OBJC_ARC = YES;
				CLANG_WARN_BOOL_CONVERSION = YES;
				CLANG_WARN_CONSTANT_CONVERSION = YES;
				CLANG_WARN_DIRECT_OBJC_ISA_USAGE = YES_ERROR;
				CLANG_WARN_EMPTY_BODY = YES;
				CLANG_WARN_ENUM_CONVERSION = YES;
				CLANG_WARN_INT_CONVERSION = YES;
				CLANG_WARN_OBJC_ROOT_CLASS = YES_ERROR;
				CLANG_WARN_UNREACHABLE_CODE = YES;
				CLANG_WARN__DUPLICATE_METHOD_MATCH = YES;
				"CODE_SIGN_IDENTITY[sdk=iphoneos*]" = "iPhone Developer";
				COPY_PHASE_STRIP = YES;
				ENABLE_NS_ASSERTIONS = NO;
				ENABLE_STRICT_OBJC_MSGSEND = YES;
				GCC_C_LANGUAGE_STANDARD = gnu99;
				GCC_WARN_64_TO_32_BIT_CONVERSION = YES;
				GCC_WARN_ABOUT_RETURN_TYPE = YES_ERROR;
				GCC_WARN_UNDECLARED_SELECTOR = YES;
				GCC_WARN_UNINITIALIZED_AUTOS = YES_AGGRESSIVE;
				GCC_WARN_UNUSED_FUNCTION = YES;
				GCC_WARN_UNUSED_VARIABLE = YES;
				IPHONEOS_DEPLOYMENT_TARGET = 8.1;
				MTL_ENABLE_DEBUG_INFO = NO;
				SDKROOT = iphoneos;
				VALIDATE_PRODUCT = YES;
			};
			name = Release;
		};
		1CC767021AA32CD700BF3D63 /* Debug */ = {
			isa = XCBuildConfiguration;
			buildSettings = {
				ASSETCATALOG_COMPILER_APPICON_NAME = AppIcon;
				ASSETCATALOG_COMPILER_LAUNCHIMAGE_NAME = LaunchImage;
				INFOPLIST_FILE = "ShutdownMyMac-iOS/Info.plist";
				IPHONEOS_DEPLOYMENT_TARGET = 7.0;
				LD_RUNPATH_SEARCH_PATHS = "$(inherited) @executable_path/Frameworks";
				PRODUCT_NAME = "$(TARGET_NAME)";
				PROVISIONING_PROFILE = "9d2c0253-53d0-4a74-9ac8-423ecd672b77";
				TARGETED_DEVICE_FAMILY = "1,2";
			};
			name = Debug;
		};
		1CC767031AA32CD700BF3D63 /* Release */ = {
			isa = XCBuildConfiguration;
			buildSettings = {
				ASSETCATALOG_COMPILER_APPICON_NAME = AppIcon;
				ASSETCATALOG_COMPILER_LAUNCHIMAGE_NAME = LaunchImage;
				INFOPLIST_FILE = "ShutdownMyMac-iOS/Info.plist";
				IPHONEOS_DEPLOYMENT_TARGET = 7.0;
				LD_RUNPATH_SEARCH_PATHS = "$(inherited) @executable_path/Frameworks";
				PRODUCT_NAME = "$(TARGET_NAME)";
				PROVISIONING_PROFILE = "9d2c0253-53d0-4a74-9ac8-423ecd672b77";
				TARGETED_DEVICE_FAMILY = "1,2";
			};
			name = Release;
		};
/* End XCBuildConfiguration section */

/* Begin XCConfigurationList section */
		1CC766D91AA32CD700BF3D63 /* Build configuration list for PBXProject "ShutdownMyMac-iOS" */ = {
			isa = XCConfigurationList;
			buildConfigurations = (
				1CC766FF1AA32CD700BF3D63 /* Debug */,
				1CC767001AA32CD700BF3D63 /* Release */,
			);
			defaultConfigurationIsVisible = 0;
			defaultConfigurationName = Release;
		};
		1CC767011AA32CD700BF3D63 /* Build configuration list for PBXNativeTarget "ShutdownMyMac-iOS" */ = {
			isa = XCConfigurationList;
			buildConfigurations = (
				1CC767021AA32CD700BF3D63 /* Debug */,
				1CC767031AA32CD700BF3D63 /* Release */,
			);
			defaultConfigurationIsVisible = 0;
			defaultConfigurationName = Release;
		};
/* End XCConfigurationList section */
	};
	rootObject = 1CC766D61AA32CD700BF3D63 /* Project object */;
}
