// !$*UTF8*$!
{
	archiveVersion = 1;
	classes = {
	};
	objectVersion = 46;
	objects = {

/* Begin PBXBuildFile section */
		1C192F241AE2C2BC004446BB /* Icon.png in Resources */ = {isa = PBXBuildFile; fileRef = 1C192F231AE2C2BC004446BB /* Icon.png */; };
		1C5A22511AA4E29C001CE2F4 /* SMMCServiceViewController.m in Sources */ = {isa = PBXBuildFile; fileRef = 1C5A22501AA4E29C001CE2F4 /* SMMCServiceViewController.m */; };
		1C80F4141AF3FEE800FC5E45 /* ShutdownMyMacShared.h in Headers */ = {isa = PBXBuildFile; fileRef = 1C80F4131AF3FEE800FC5E45 /* ShutdownMyMacShared.h */; settings = {ATTRIBUTES = (Public, ); }; };
		1C80F4261AF3FEE800FC5E45 /* ShutdownMyMacShared.framework in Frameworks */ = {isa = PBXBuildFile; fileRef = 1C80F40F1AF3FEE800FC5E45 /* ShutdownMyMacShared.framework */; };
		1C80F4271AF3FEE800FC5E45 /* ShutdownMyMacShared.framework in Embed Frameworks */ = {isa = PBXBuildFile; fileRef = 1C80F40F1AF3FEE800FC5E45 /* ShutdownMyMacShared.framework */; settings = {ATTRIBUTES = (CodeSignOnCopy, RemoveHeadersOnCopy, ); }; };
		1C80F4311AF3FF3C00FC5E45 /* SMMWatchKitRequestsManager.h in Headers */ = {isa = PBXBuildFile; fileRef = 1C80F42F1AF3FF3C00FC5E45 /* SMMWatchKitRequestsManager.h */; };
		1C80F4321AF3FF3C00FC5E45 /* SMMWatchKitRequestsManager.m in Sources */ = {isa = PBXBuildFile; fileRef = 1C80F4301AF3FF3C00FC5E45 /* SMMWatchKitRequestsManager.m */; };
		1C80F4351AF3FFB200FC5E45 /* SMMClientServiceManager.h in Headers */ = {isa = PBXBuildFile; fileRef = 1C80F4331AF3FFB200FC5E45 /* SMMClientServiceManager.h */; };
		1C80F4361AF3FFB200FC5E45 /* SMMClientServiceManager.m in Sources */ = {isa = PBXBuildFile; fileRef = 1C80F4341AF3FFB200FC5E45 /* SMMClientServiceManager.m */; };
		1C80F4371AF400D200FC5E45 /* ShutdownMyMacShared.framework in Frameworks */ = {isa = PBXBuildFile; fileRef = 1C80F40F1AF3FEE800FC5E45 /* ShutdownMyMacShared.framework */; };
		1C9AE2E81AE3B46A00BC7914 /* UIViewController+Orientations.m in Sources */ = {isa = PBXBuildFile; fileRef = 1C9AE2E71AE3B46A00BC7914 /* UIViewController+Orientations.m */; };
		1CB225361AB439FE00E5BC5B /* SMMBonjourHelperChannel.m in Sources */ = {isa = PBXBuildFile; fileRef = 1CB225351AB439FE00E5BC5B /* SMMBonjourHelperChannel.m */; };
		1CC766E41AA32CD700BF3D63 /* main.m in Sources */ = {isa = PBXBuildFile; fileRef = 1CC766E31AA32CD700BF3D63 /* main.m */; };
		1CC766E71AA32CD700BF3D63 /* SMMAppDelegate.m in Sources */ = {isa = PBXBuildFile; fileRef = 1CC766E61AA32CD700BF3D63 /* SMMAppDelegate.m */; };
		1CC766EA1AA32CD700BF3D63 /* SMMCServicesViewController.m in Sources */ = {isa = PBXBuildFile; fileRef = 1CC766E91AA32CD700BF3D63 /* SMMCServicesViewController.m */; };
		1CC766ED1AA32CD700BF3D63 /* Main.storyboard in Resources */ = {isa = PBXBuildFile; fileRef = 1CC766EB1AA32CD700BF3D63 /* Main.storyboard */; };
		1CC766EF1AA32CD700BF3D63 /* Images.xcassets in Resources */ = {isa = PBXBuildFile; fileRef = 1CC766EE1AA32CD700BF3D63 /* Images.xcassets */; };
		1CCAA36F1AED7ED10099516F /* InterfaceController.m in Sources */ = {isa = PBXBuildFile; fileRef = 1CCAA36E1AED7ED10099516F /* InterfaceController.m */; };
		1CCAA3721AED7ED10099516F /* NotificationController.m in Sources */ = {isa = PBXBuildFile; fileRef = 1CCAA3711AED7ED10099516F /* NotificationController.m */; };
		1CCAA3741AED7ED10099516F /* Images.xcassets in Resources */ = {isa = PBXBuildFile; fileRef = 1CCAA3731AED7ED10099516F /* Images.xcassets */; };
		1CCAA3781AED7ED10099516F /* ShutdownMyMac WatchKit App.app in Resources */ = {isa = PBXBuildFile; fileRef = 1CCAA3771AED7ED10099516F /* ShutdownMyMac WatchKit App.app */; };
		1CCAA3801AED7ED10099516F /* Interface.storyboard in Resources */ = {isa = PBXBuildFile; fileRef = 1CCAA37E1AED7ED10099516F /* Interface.storyboard */; };
		1CCAA3821AED7ED10099516F /* Images.xcassets in Resources */ = {isa = PBXBuildFile; fileRef = 1CCAA3811AED7ED10099516F /* Images.xcassets */; };
		1CCAA3851AED7ED10099516F /* ShutdownMyMac WatchKit Extension.appex in Embed App Extensions */ = {isa = PBXBuildFile; fileRef = 1CCAA3681AED7ED10099516F /* ShutdownMyMac WatchKit Extension.appex */; settings = {ATTRIBUTES = (RemoveHeadersOnCopy, ); }; };
/* End PBXBuildFile section */

/* Begin PBXContainerItemProxy section */
		1C80F4241AF3FEE800FC5E45 /* PBXContainerItemProxy */ = {
			isa = PBXContainerItemProxy;
			containerPortal = 1CC766D61AA32CD700BF3D63 /* Project object */;
			proxyType = 1;
			remoteGlobalIDString = 1C80F40E1AF3FEE800FC5E45;
			remoteInfo = SMMWatckit;
		};
		1CCAA3791AED7ED10099516F /* PBXContainerItemProxy */ = {
			isa = PBXContainerItemProxy;
			containerPortal = 1CC766D61AA32CD700BF3D63 /* Project object */;
			proxyType = 1;
			remoteGlobalIDString = 1CCAA3761AED7ED10099516F;
			remoteInfo = "ShutdownMyMac WatchKit App";
		};
		1CCAA3831AED7ED10099516F /* PBXContainerItemProxy */ = {
			isa = PBXContainerItemProxy;
			containerPortal = 1CC766D61AA32CD700BF3D63 /* Project object */;
			proxyType = 1;
			remoteGlobalIDString = 1CCAA3671AED7ED10099516F;
			remoteInfo = "ShutdownMyMac WatchKit Extension";
		};
/* End PBXContainerItemProxy section */

/* Begin PBXCopyFilesBuildPhase section */
		1C80F42D1AF3FEE900FC5E45 /* Embed Frameworks */ = {
			isa = PBXCopyFilesBuildPhase;
			buildActionMask = 2147483647;
			dstPath = "";
			dstSubfolderSpec = 10;
			files = (
				1C80F4271AF3FEE800FC5E45 /* ShutdownMyMacShared.framework in Embed Frameworks */,
			);
			name = "Embed Frameworks";
			runOnlyForDeploymentPostprocessing = 0;
		};
		1CCAA38C1AED7ED10099516F /* Embed App Extensions */ = {
			isa = PBXCopyFilesBuildPhase;
			buildActionMask = 2147483647;
			dstPath = "";
			dstSubfolderSpec = 13;
			files = (
				1CCAA3851AED7ED10099516F /* ShutdownMyMac WatchKit Extension.appex in Embed App Extensions */,
			);
			name = "Embed App Extensions";
			runOnlyForDeploymentPostprocessing = 0;
		};
/* End PBXCopyFilesBuildPhase section */

/* Begin PBXFileReference section */
		1C192F231AE2C2BC004446BB /* Icon.png */ = {isa = PBXFileReference; lastKnownFileType = image.png; path = Icon.png; sourceTree = "<group>"; };
		1C5A224F1AA4E29C001CE2F4 /* SMMCServiceViewController.h */ = {isa = PBXFileReference; fileEncoding = 4; lastKnownFileType = sourcecode.c.h; path = SMMCServiceViewController.h; sourceTree = "<group>"; };
		1C5A22501AA4E29C001CE2F4 /* SMMCServiceViewController.m */ = {isa = PBXFileReference; fileEncoding = 4; lastKnownFileType = sourcecode.c.objc; path = SMMCServiceViewController.m; sourceTree = "<group>"; };
		1C80F40F1AF3FEE800FC5E45 /* ShutdownMyMacShared.framework */ = {isa = PBXFileReference; explicitFileType = wrapper.framework; includeInIndex = 0; path = ShutdownMyMacShared.framework; sourceTree = BUILT_PRODUCTS_DIR; };
		1C80F4121AF3FEE800FC5E45 /* Info.plist */ = {isa = PBXFileReference; lastKnownFileType = text.plist.xml; path = Info.plist; sourceTree = "<group>"; };
		1C80F4131AF3FEE800FC5E45 /* ShutdownMyMacShared.h */ = {isa = PBXFileReference; lastKnownFileType = sourcecode.c.h; path = ShutdownMyMacShared.h; sourceTree = "<group>"; };
		1C80F42F1AF3FF3C00FC5E45 /* SMMWatchKitRequestsManager.h */ = {isa = PBXFileReference; fileEncoding = 4; lastKnownFileType = sourcecode.c.h; path = SMMWatchKitRequestsManager.h; sourceTree = "<group>"; };
		1C80F4301AF3FF3C00FC5E45 /* SMMWatchKitRequestsManager.m */ = {isa = PBXFileReference; fileEncoding = 4; lastKnownFileType = sourcecode.c.objc; path = SMMWatchKitRequestsManager.m; sourceTree = "<group>"; };
		1C80F4331AF3FFB200FC5E45 /* SMMClientServiceManager.h */ = {isa = PBXFileReference; fileEncoding = 4; lastKnownFileType = sourcecode.c.h; path = SMMClientServiceManager.h; sourceTree = "<group>"; };
		1C80F4341AF3FFB200FC5E45 /* SMMClientServiceManager.m */ = {isa = PBXFileReference; fileEncoding = 4; lastKnownFileType = sourcecode.c.objc; path = SMMClientServiceManager.m; sourceTree = "<group>"; };
		1C9AE2E61AE3B46A00BC7914 /* UIViewController+Orientations.h */ = {isa = PBXFileReference; fileEncoding = 4; lastKnownFileType = sourcecode.c.h; path = "UIViewController+Orientations.h"; sourceTree = "<group>"; };
		1C9AE2E71AE3B46A00BC7914 /* UIViewController+Orientations.m */ = {isa = PBXFileReference; fileEncoding = 4; lastKnownFileType = sourcecode.c.objc; path = "UIViewController+Orientations.m"; sourceTree = "<group>"; };
		1CB225341AB439FE00E5BC5B /* SMMBonjourHelperChannel.h */ = {isa = PBXFileReference; fileEncoding = 4; lastKnownFileType = sourcecode.c.h; path = SMMBonjourHelperChannel.h; sourceTree = "<group>"; };
		1CB225351AB439FE00E5BC5B /* SMMBonjourHelperChannel.m */ = {isa = PBXFileReference; fileEncoding = 4; lastKnownFileType = sourcecode.c.objc; path = SMMBonjourHelperChannel.m; sourceTree = "<group>"; };
		1CC766DE1AA32CD700BF3D63 /* ShutdownMyMac-iOS.app */ = {isa = PBXFileReference; explicitFileType = wrapper.application; includeInIndex = 0; path = "ShutdownMyMac-iOS.app"; sourceTree = BUILT_PRODUCTS_DIR; };
		1CC766E21AA32CD700BF3D63 /* Info.plist */ = {isa = PBXFileReference; lastKnownFileType = text.plist.xml; path = Info.plist; sourceTree = "<group>"; };
		1CC766E31AA32CD700BF3D63 /* main.m */ = {isa = PBXFileReference; lastKnownFileType = sourcecode.c.objc; path = main.m; sourceTree = "<group>"; };
		1CC766E51AA32CD700BF3D63 /* SMMAppDelegate.h */ = {isa = PBXFileReference; lastKnownFileType = sourcecode.c.h; path = SMMAppDelegate.h; sourceTree = "<group>"; };
		1CC766E61AA32CD700BF3D63 /* SMMAppDelegate.m */ = {isa = PBXFileReference; lastKnownFileType = sourcecode.c.objc; path = SMMAppDelegate.m; sourceTree = "<group>"; };
		1CC766E81AA32CD700BF3D63 /* SMMCServicesViewController.h */ = {isa = PBXFileReference; lastKnownFileType = sourcecode.c.h; path = SMMCServicesViewController.h; sourceTree = "<group>"; };
		1CC766E91AA32CD700BF3D63 /* SMMCServicesViewController.m */ = {isa = PBXFileReference; lastKnownFileType = sourcecode.c.objc; path = SMMCServicesViewController.m; sourceTree = "<group>"; };
		1CC766EC1AA32CD700BF3D63 /* Base */ = {isa = PBXFileReference; lastKnownFileType = file.storyboard; name = Base; path = Base.lproj/Main.storyboard; sourceTree = "<group>"; };
		1CC766EE1AA32CD700BF3D63 /* Images.xcassets */ = {isa = PBXFileReference; lastKnownFileType = folder.assetcatalog; path = Images.xcassets; sourceTree = "<group>"; };
		1CCAA3681AED7ED10099516F /* ShutdownMyMac WatchKit Extension.appex */ = {isa = PBXFileReference; explicitFileType = "wrapper.app-extension"; includeInIndex = 0; path = "ShutdownMyMac WatchKit Extension.appex"; sourceTree = BUILT_PRODUCTS_DIR; };
		1CCAA36B1AED7ED10099516F /* Info.plist */ = {isa = PBXFileReference; lastKnownFileType = text.plist.xml; path = Info.plist; sourceTree = "<group>"; };
		1CCAA36C1AED7ED10099516F /* PushNotificationPayload.apns */ = {isa = PBXFileReference; lastKnownFileType = text; path = PushNotificationPayload.apns; sourceTree = "<group>"; };
		1CCAA36D1AED7ED10099516F /* InterfaceController.h */ = {isa = PBXFileReference; lastKnownFileType = sourcecode.c.h; path = InterfaceController.h; sourceTree = "<group>"; };
		1CCAA36E1AED7ED10099516F /* InterfaceController.m */ = {isa = PBXFileReference; lastKnownFileType = sourcecode.c.objc; path = InterfaceController.m; sourceTree = "<group>"; };
		1CCAA3701AED7ED10099516F /* NotificationController.h */ = {isa = PBXFileReference; lastKnownFileType = sourcecode.c.h; path = NotificationController.h; sourceTree = "<group>"; };
		1CCAA3711AED7ED10099516F /* NotificationController.m */ = {isa = PBXFileReference; lastKnownFileType = sourcecode.c.objc; path = NotificationController.m; sourceTree = "<group>"; };
		1CCAA3731AED7ED10099516F /* Images.xcassets */ = {isa = PBXFileReference; lastKnownFileType = folder.assetcatalog; path = Images.xcassets; sourceTree = "<group>"; };
		1CCAA3771AED7ED10099516F /* ShutdownMyMac WatchKit App.app */ = {isa = PBXFileReference; explicitFileType = wrapper.application; includeInIndex = 0; path = "ShutdownMyMac WatchKit App.app"; sourceTree = BUILT_PRODUCTS_DIR; };
		1CCAA37D1AED7ED10099516F /* Info.plist */ = {isa = PBXFileReference; lastKnownFileType = text.plist.xml; path = Info.plist; sourceTree = "<group>"; };
		1CCAA37F1AED7ED10099516F /* Base */ = {isa = PBXFileReference; lastKnownFileType = file.storyboard; name = Base; path = Base.lproj/Interface.storyboard; sourceTree = "<group>"; };
		1CCAA3811AED7ED10099516F /* Images.xcassets */ = {isa = PBXFileReference; lastKnownFileType = folder.assetcatalog; path = Images.xcassets; sourceTree = "<group>"; };
/* End PBXFileReference section */

/* Begin PBXFrameworksBuildPhase section */
		1C80F40B1AF3FEE800FC5E45 /* Frameworks */ = {
			isa = PBXFrameworksBuildPhase;
			buildActionMask = 2147483647;
			files = (
			);
			runOnlyForDeploymentPostprocessing = 0;
		};
		1CC766DB1AA32CD700BF3D63 /* Frameworks */ = {
			isa = PBXFrameworksBuildPhase;
			buildActionMask = 2147483647;
			files = (
				1C80F4261AF3FEE800FC5E45 /* ShutdownMyMacShared.framework in Frameworks */,
			);
			runOnlyForDeploymentPostprocessing = 0;
		};
		1CCAA3651AED7ED10099516F /* Frameworks */ = {
			isa = PBXFrameworksBuildPhase;
			buildActionMask = 2147483647;
			files = (
				1C80F4371AF400D200FC5E45 /* ShutdownMyMacShared.framework in Frameworks */,
			);
			runOnlyForDeploymentPostprocessing = 0;
		};
/* End PBXFrameworksBuildPhase section */

/* Begin PBXGroup section */
		1C192F221AE2C2BC004446BB /* Resources */ = {
			isa = PBXGroup;
			children = (
				1C192F231AE2C2BC004446BB /* Icon.png */,
			);
			path = Resources;
			sourceTree = "<group>";
		};
		1C80F4101AF3FEE800FC5E45 /* ShutdownMyMacShared */ = {
			isa = PBXGroup;
			children = (
				1C80F4131AF3FEE800FC5E45 /* ShutdownMyMacShared.h */,
				1C80F4331AF3FFB200FC5E45 /* SMMClientServiceManager.h */,
				1C80F4341AF3FFB200FC5E45 /* SMMClientServiceManager.m */,
				1C80F42F1AF3FF3C00FC5E45 /* SMMWatchKitRequestsManager.h */,
				1C80F4301AF3FF3C00FC5E45 /* SMMWatchKitRequestsManager.m */,
				1C80F4111AF3FEE800FC5E45 /* Supporting Files */,
			);
			path = ShutdownMyMacShared;
			sourceTree = "<group>";
		};
		1C80F4111AF3FEE800FC5E45 /* Supporting Files */ = {
			isa = PBXGroup;
			children = (
				1C80F4121AF3FEE800FC5E45 /* Info.plist */,
			);
			name = "Supporting Files";
			sourceTree = "<group>";
		};
		1CC766D51AA32CD700BF3D63 = {
			isa = PBXGroup;
			children = (
				1CC766E01AA32CD700BF3D63 /* ShutdownMyMac-iOS */,
				1CCAA3691AED7ED10099516F /* ShutdownMyMac WatchKit Extension */,
				1CCAA37B1AED7ED10099516F /* ShutdownMyMac WatchKit App */,
				1C80F4101AF3FEE800FC5E45 /* ShutdownMyMacShared */,
				1C192F221AE2C2BC004446BB /* Resources */,
				1CC766DF1AA32CD700BF3D63 /* Products */,
			);
			sourceTree = "<group>";
		};
		1CC766DF1AA32CD700BF3D63 /* Products */ = {
			isa = PBXGroup;
			children = (
				1CC766DE1AA32CD700BF3D63 /* ShutdownMyMac-iOS.app */,
				1CCAA3681AED7ED10099516F /* ShutdownMyMac WatchKit Extension.appex */,
				1CCAA3771AED7ED10099516F /* ShutdownMyMac WatchKit App.app */,
				1C80F40F1AF3FEE800FC5E45 /* ShutdownMyMacShared.framework */,
			);
			name = Products;
			sourceTree = "<group>";
		};
		1CC766E01AA32CD700BF3D63 /* ShutdownMyMac-iOS */ = {
			isa = PBXGroup;
			children = (
				1CB225341AB439FE00E5BC5B /* SMMBonjourHelperChannel.h */,
				1CB225351AB439FE00E5BC5B /* SMMBonjourHelperChannel.m */,
				1CC766E51AA32CD700BF3D63 /* SMMAppDelegate.h */,
				1CC766E61AA32CD700BF3D63 /* SMMAppDelegate.m */,
				1CC766E81AA32CD700BF3D63 /* SMMCServicesViewController.h */,
				1CC766E91AA32CD700BF3D63 /* SMMCServicesViewController.m */,
				1C5A224F1AA4E29C001CE2F4 /* SMMCServiceViewController.h */,
				1C5A22501AA4E29C001CE2F4 /* SMMCServiceViewController.m */,
				1C9AE2E61AE3B46A00BC7914 /* UIViewController+Orientations.h */,
				1C9AE2E71AE3B46A00BC7914 /* UIViewController+Orientations.m */,
				1CC766EB1AA32CD700BF3D63 /* Main.storyboard */,
				1CC766EE1AA32CD700BF3D63 /* Images.xcassets */,
				1CC766E11AA32CD700BF3D63 /* Supporting Files */,
			);
			path = "ShutdownMyMac-iOS";
			sourceTree = "<group>";
		};
		1CC766E11AA32CD700BF3D63 /* Supporting Files */ = {
			isa = PBXGroup;
			children = (
				1CC766E21AA32CD700BF3D63 /* Info.plist */,
				1CC766E31AA32CD700BF3D63 /* main.m */,
			);
			name = "Supporting Files";
			sourceTree = "<group>";
		};
		1CCAA3691AED7ED10099516F /* ShutdownMyMac WatchKit Extension */ = {
			isa = PBXGroup;
			children = (
				1CCAA36D1AED7ED10099516F /* InterfaceController.h */,
				1CCAA36E1AED7ED10099516F /* InterfaceController.m */,
				1CCAA3701AED7ED10099516F /* NotificationController.h */,
				1CCAA3711AED7ED10099516F /* NotificationController.m */,
				1CCAA3731AED7ED10099516F /* Images.xcassets */,
				1CCAA36A1AED7ED10099516F /* Supporting Files */,
			);
			path = "ShutdownMyMac WatchKit Extension";
			sourceTree = "<group>";
		};
		1CCAA36A1AED7ED10099516F /* Supporting Files */ = {
			isa = PBXGroup;
			children = (
				1CCAA36B1AED7ED10099516F /* Info.plist */,
				1CCAA36C1AED7ED10099516F /* PushNotificationPayload.apns */,
			);
			name = "Supporting Files";
			sourceTree = "<group>";
		};
		1CCAA37B1AED7ED10099516F /* ShutdownMyMac WatchKit App */ = {
			isa = PBXGroup;
			children = (
				1CCAA37E1AED7ED10099516F /* Interface.storyboard */,
				1CCAA3811AED7ED10099516F /* Images.xcassets */,
				1CCAA37C1AED7ED10099516F /* Supporting Files */,
			);
			path = "ShutdownMyMac WatchKit App";
			sourceTree = "<group>";
		};
		1CCAA37C1AED7ED10099516F /* Supporting Files */ = {
			isa = PBXGroup;
			children = (
				1CCAA37D1AED7ED10099516F /* Info.plist */,
			);
			name = "Supporting Files";
			sourceTree = "<group>";
		};
/* End PBXGroup section */

/* Begin PBXHeadersBuildPhase section */
		1C80F40C1AF3FEE800FC5E45 /* Headers */ = {
			isa = PBXHeadersBuildPhase;
			buildActionMask = 2147483647;
			files = (
				1C80F4141AF3FEE800FC5E45 /* ShutdownMyMacShared.h in Headers */,
				1C80F4351AF3FFB200FC5E45 /* SMMClientServiceManager.h in Headers */,
				1C80F4311AF3FF3C00FC5E45 /* SMMWatchKitRequestsManager.h in Headers */,
			);
			runOnlyForDeploymentPostprocessing = 0;
		};
/* End PBXHeadersBuildPhase section */

/* Begin PBXNativeTarget section */
		1C80F40E1AF3FEE800FC5E45 /* ShutdownMyMacShared */ = {
			isa = PBXNativeTarget;
			buildConfigurationList = 1C80F42C1AF3FEE900FC5E45 /* Build configuration list for PBXNativeTarget "ShutdownMyMacShared" */;
			buildPhases = (
				1C80F40A1AF3FEE800FC5E45 /* Sources */,
				1C80F40B1AF3FEE800FC5E45 /* Frameworks */,
				1C80F40C1AF3FEE800FC5E45 /* Headers */,
				1C80F40D1AF3FEE800FC5E45 /* Resources */,
			);
			buildRules = (
			);
			dependencies = (
			);
			name = ShutdownMyMacShared;
			productName = SMMWatckit;
			productReference = 1C80F40F1AF3FEE800FC5E45 /* ShutdownMyMacShared.framework */;
			productType = "com.apple.product-type.framework";
		};
		1CC766DD1AA32CD700BF3D63 /* ShutdownMyMac-iOS */ = {
			isa = PBXNativeTarget;
			buildConfigurationList = 1CC767011AA32CD700BF3D63 /* Build configuration list for PBXNativeTarget "ShutdownMyMac-iOS" */;
			buildPhases = (
				1CC766DA1AA32CD700BF3D63 /* Sources */,
				1CC766DB1AA32CD700BF3D63 /* Frameworks */,
				1CC766DC1AA32CD700BF3D63 /* Resources */,
				1CCAA38C1AED7ED10099516F /* Embed App Extensions */,
				1C80F42D1AF3FEE900FC5E45 /* Embed Frameworks */,
			);
			buildRules = (
			);
			dependencies = (
				1CCAA3841AED7ED10099516F /* PBXTargetDependency */,
				1C80F4251AF3FEE800FC5E45 /* PBXTargetDependency */,
			);
			name = "ShutdownMyMac-iOS";
			productName = "ShutdownMyMac-iOS";
			productReference = 1CC766DE1AA32CD700BF3D63 /* ShutdownMyMac-iOS.app */;
			productType = "com.apple.product-type.application";
		};
		1CCAA3671AED7ED10099516F /* ShutdownMyMac WatchKit Extension */ = {
			isa = PBXNativeTarget;
			buildConfigurationList = 1CCAA3891AED7ED10099516F /* Build configuration list for PBXNativeTarget "ShutdownMyMac WatchKit Extension" */;
			buildPhases = (
				1CCAA3641AED7ED10099516F /* Sources */,
				1CCAA3651AED7ED10099516F /* Frameworks */,
				1CCAA3661AED7ED10099516F /* Resources */,
			);
			buildRules = (
			);
			dependencies = (
				1CCAA37A1AED7ED10099516F /* PBXTargetDependency */,
			);
			name = "ShutdownMyMac WatchKit Extension";
			productName = "ShutdownMyMac WatchKit Extension";
			productReference = 1CCAA3681AED7ED10099516F /* ShutdownMyMac WatchKit Extension.appex */;
			productType = "com.apple.product-type.watchkit-extension";
		};
		1CCAA3761AED7ED10099516F /* ShutdownMyMac WatchKit App */ = {
			isa = PBXNativeTarget;
			buildConfigurationList = 1CCAA3861AED7ED10099516F /* Build configuration list for PBXNativeTarget "ShutdownMyMac WatchKit App" */;
			buildPhases = (
				1CCAA3751AED7ED10099516F /* Resources */,
			);
			buildRules = (
			);
			dependencies = (
			);
			name = "ShutdownMyMac WatchKit App";
			productName = "ShutdownMyMac WatchKit App";
			productReference = 1CCAA3771AED7ED10099516F /* ShutdownMyMac WatchKit App.app */;
			productType = "com.apple.product-type.application.watchapp";
		};
/* End PBXNativeTarget section */

/* Begin PBXProject section */
		1CC766D61AA32CD700BF3D63 /* Project object */ = {
			isa = PBXProject;
			attributes = {
				LastUpgradeCheck = 0610;
				ORGANIZATIONNAME = "Jesús";
				TargetAttributes = {
					1C80F40E1AF3FEE800FC5E45 = {
						CreatedOnToolsVersion = 6.3.1;
					};
					1CC766DD1AA32CD700BF3D63 = {
						CreatedOnToolsVersion = 6.1;
					};
					1CCAA3671AED7ED10099516F = {
						CreatedOnToolsVersion = 6.3.1;
					};
					1CCAA3761AED7ED10099516F = {
						CreatedOnToolsVersion = 6.3.1;
					};
				};
			};
			buildConfigurationList = 1CC766D91AA32CD700BF3D63 /* Build configuration list for PBXProject "ShutdownMyMac-iOS" */;
			compatibilityVersion = "Xcode 3.2";
			developmentRegion = English;
			hasScannedForEncodings = 0;
			knownRegions = (
				en,
				Base,
			);
			mainGroup = 1CC766D51AA32CD700BF3D63;
			productRefGroup = 1CC766DF1AA32CD700BF3D63 /* Products */;
			projectDirPath = "";
			projectRoot = "";
			targets = (
				1CC766DD1AA32CD700BF3D63 /* ShutdownMyMac-iOS */,
				1CCAA3671AED7ED10099516F /* ShutdownMyMac WatchKit Extension */,
				1CCAA3761AED7ED10099516F /* ShutdownMyMac WatchKit App */,
				1C80F40E1AF3FEE800FC5E45 /* ShutdownMyMacShared */,
			);
		};
/* End PBXProject section */

/* Begin PBXResourcesBuildPhase section */
		1C80F40D1AF3FEE800FC5E45 /* Resources */ = {
			isa = PBXResourcesBuildPhase;
			buildActionMask = 2147483647;
			files = (
			);
			runOnlyForDeploymentPostprocessing = 0;
		};
		1CC766DC1AA32CD700BF3D63 /* Resources */ = {
			isa = PBXResourcesBuildPhase;
			buildActionMask = 2147483647;
			files = (
				1C192F241AE2C2BC004446BB /* Icon.png in Resources */,
				1CC766ED1AA32CD700BF3D63 /* Main.storyboard in Resources */,
				1CC766EF1AA32CD700BF3D63 /* Images.xcassets in Resources */,
			);
			runOnlyForDeploymentPostprocessing = 0;
		};
		1CCAA3661AED7ED10099516F /* Resources */ = {
			isa = PBXResourcesBuildPhase;
			buildActionMask = 2147483647;
			files = (
				1CCAA3781AED7ED10099516F /* ShutdownMyMac WatchKit App.app in Resources */,
				1CCAA3741AED7ED10099516F /* Images.xcassets in Resources */,
			);
			runOnlyForDeploymentPostprocessing = 0;
		};
		1CCAA3751AED7ED10099516F /* Resources */ = {
			isa = PBXResourcesBuildPhase;
			buildActionMask = 2147483647;
			files = (
				1CCAA3801AED7ED10099516F /* Interface.storyboard in Resources */,
				1CCAA3821AED7ED10099516F /* Images.xcassets in Resources */,
			);
			runOnlyForDeploymentPostprocessing = 0;
		};
/* End PBXResourcesBuildPhase section */

/* Begin PBXSourcesBuildPhase section */
		1C80F40A1AF3FEE800FC5E45 /* Sources */ = {
			isa = PBXSourcesBuildPhase;
			buildActionMask = 2147483647;
			files = (
				1C80F4361AF3FFB200FC5E45 /* SMMClientServiceManager.m in Sources */,
				1C80F4321AF3FF3C00FC5E45 /* SMMWatchKitRequestsManager.m in Sources */,
			);
			runOnlyForDeploymentPostprocessing = 0;
		};
		1CC766DA1AA32CD700BF3D63 /* Sources */ = {
			isa = PBXSourcesBuildPhase;
			buildActionMask = 2147483647;
			files = (
				1C5A22511AA4E29C001CE2F4 /* SMMCServiceViewController.m in Sources */,
				1C9AE2E81AE3B46A00BC7914 /* UIViewController+Orientations.m in Sources */,
				1CB225361AB439FE00E5BC5B /* SMMBonjourHelperChannel.m in Sources */,
				1CC766EA1AA32CD700BF3D63 /* SMMCServicesViewController.m in Sources */,
				1CC766E71AA32CD700BF3D63 /* SMMAppDelegate.m in Sources */,
				1CC766E41AA32CD700BF3D63 /* main.m in Sources */,
			);
			runOnlyForDeploymentPostprocessing = 0;
		};
		1CCAA3641AED7ED10099516F /* Sources */ = {
			isa = PBXSourcesBuildPhase;
			buildActionMask = 2147483647;
			files = (
				1CCAA3721AED7ED10099516F /* NotificationController.m in Sources */,
				1CCAA36F1AED7ED10099516F /* InterfaceController.m in Sources */,
			);
			runOnlyForDeploymentPostprocessing = 0;
		};
/* End PBXSourcesBuildPhase section */

/* Begin PBXTargetDependency section */
		1C80F4251AF3FEE800FC5E45 /* PBXTargetDependency */ = {
			isa = PBXTargetDependency;
			target = 1C80F40E1AF3FEE800FC5E45 /* ShutdownMyMacShared */;
			targetProxy = 1C80F4241AF3FEE800FC5E45 /* PBXContainerItemProxy */;
		};
		1CCAA37A1AED7ED10099516F /* PBXTargetDependency */ = {
			isa = PBXTargetDependency;
			target = 1CCAA3761AED7ED10099516F /* ShutdownMyMac WatchKit App */;
			targetProxy = 1CCAA3791AED7ED10099516F /* PBXContainerItemProxy */;
		};
		1CCAA3841AED7ED10099516F /* PBXTargetDependency */ = {
			isa = PBXTargetDependency;
			target = 1CCAA3671AED7ED10099516F /* ShutdownMyMac WatchKit Extension */;
			targetProxy = 1CCAA3831AED7ED10099516F /* PBXContainerItemProxy */;
		};
/* End PBXTargetDependency section */

/* Begin PBXVariantGroup section */
		1CC766EB1AA32CD700BF3D63 /* Main.storyboard */ = {
			isa = PBXVariantGroup;
			children = (
				1CC766EC1AA32CD700BF3D63 /* Base */,
			);
			name = Main.storyboard;
			sourceTree = "<group>";
		};
		1CCAA37E1AED7ED10099516F /* Interface.storyboard */ = {
			isa = PBXVariantGroup;
			children = (
				1CCAA37F1AED7ED10099516F /* Base */,
			);
			name = Interface.storyboard;
			sourceTree = "<group>";
		};
/* End PBXVariantGroup section */

/* Begin XCBuildConfiguration section */
		1C80F4281AF3FEE900FC5E45 /* Debug */ = {
			isa = XCBuildConfiguration;
			buildSettings = {
				CURRENT_PROJECT_VERSION = 1;
				DEBUG_INFORMATION_FORMAT = "dwarf-with-dsym";
				DEFINES_MODULE = YES;
				DYLIB_COMPATIBILITY_VERSION = 1;
				DYLIB_CURRENT_VERSION = 1;
				DYLIB_INSTALL_NAME_BASE = "@rpath";
				GCC_NO_COMMON_BLOCKS = YES;
				GCC_PREPROCESSOR_DEFINITIONS = (
					"DEBUG=1",
					"$(inherited)",
				);
				INFOPLIST_FILE = "$(SRCROOT)/ShutdownMyMacShared/Info.plist";
				INSTALL_PATH = "$(LOCAL_LIBRARY_DIR)/Frameworks";
				IPHONEOS_DEPLOYMENT_TARGET = 8.3;
				LD_RUNPATH_SEARCH_PATHS = "$(inherited) @executable_path/Frameworks @loader_path/Frameworks";
				PRODUCT_NAME = "$(TARGET_NAME)";
				SKIP_INSTALL = YES;
				TARGETED_DEVICE_FAMILY = "1,2";
				VERSIONING_SYSTEM = "apple-generic";
				VERSION_INFO_PREFIX = "";
			};
			name = Debug;
		};
		1C80F4291AF3FEE900FC5E45 /* Release */ = {
			isa = XCBuildConfiguration;
			buildSettings = {
				COPY_PHASE_STRIP = NO;
				CURRENT_PROJECT_VERSION = 1;
				DEBUG_INFORMATION_FORMAT = "dwarf-with-dsym";
				DEFINES_MODULE = YES;
				DYLIB_COMPATIBILITY_VERSION = 1;
				DYLIB_CURRENT_VERSION = 1;
				DYLIB_INSTALL_NAME_BASE = "@rpath";
				GCC_NO_COMMON_BLOCKS = YES;
				INFOPLIST_FILE = "$(SRCROOT)/ShutdownMyMacShared/Info.plist";
				INSTALL_PATH = "$(LOCAL_LIBRARY_DIR)/Frameworks";
				IPHONEOS_DEPLOYMENT_TARGET = 8.3;
				LD_RUNPATH_SEARCH_PATHS = "$(inherited) @executable_path/Frameworks @loader_path/Frameworks";
				PRODUCT_NAME = "$(TARGET_NAME)";
				SKIP_INSTALL = YES;
				TARGETED_DEVICE_FAMILY = "1,2";
				VERSIONING_SYSTEM = "apple-generic";
				VERSION_INFO_PREFIX = "";
			};
			name = Release;
		};
		1CC766FF1AA32CD700BF3D63 /* Debug */ = {
			isa = XCBuildConfiguration;
			buildSettings = {
				ALWAYS_SEARCH_USER_PATHS = NO;
				CLANG_CXX_LANGUAGE_STANDARD = "gnu++0x";
				CLANG_CXX_LIBRARY = "libc++";
				CLANG_ENABLE_MODULES = YES;
				CLANG_ENABLE_OBJC_ARC = YES;
				CLANG_WARN_BOOL_CONVERSION = YES;
				CLANG_WARN_CONSTANT_CONVERSION = YES;
				CLANG_WARN_DIRECT_OBJC_ISA_USAGE = YES_ERROR;
				CLANG_WARN_EMPTY_BODY = YES;
				CLANG_WARN_ENUM_CONVERSION = YES;
				CLANG_WARN_INT_CONVERSION = YES;
				CLANG_WARN_OBJC_ROOT_CLASS = YES_ERROR;
				CLANG_WARN_UNREACHABLE_CODE = YES;
				CLANG_WARN__DUPLICATE_METHOD_MATCH = YES;
				"CODE_SIGN_IDENTITY[sdk=iphoneos*]" = "iPhone Developer";
				COPY_PHASE_STRIP = NO;
				ENABLE_STRICT_OBJC_MSGSEND = YES;
				GCC_C_LANGUAGE_STANDARD = gnu99;
				GCC_DYNAMIC_NO_PIC = NO;
				GCC_OPTIMIZATION_LEVEL = 0;
				GCC_PREPROCESSOR_DEFINITIONS = (
					"DEBUG=1",
					"$(inherited)",
				);
				GCC_SYMBOLS_PRIVATE_EXTERN = NO;
				GCC_WARN_64_TO_32_BIT_CONVERSION = YES;
				GCC_WARN_ABOUT_RETURN_TYPE = YES_ERROR;
				GCC_WARN_UNDECLARED_SELECTOR = YES;
				GCC_WARN_UNINITIALIZED_AUTOS = YES_AGGRESSIVE;
				GCC_WARN_UNUSED_FUNCTION = YES;
				GCC_WARN_UNUSED_VARIABLE = YES;
				IPHONEOS_DEPLOYMENT_TARGET = 8.2;
				MTL_ENABLE_DEBUG_INFO = YES;
				ONLY_ACTIVE_ARCH = YES;
				SDKROOT = iphoneos;
			};
			name = Debug;
		};
		1CC767001AA32CD700BF3D63 /* Release */ = {
			isa = XCBuildConfiguration;
			buildSettings = {
				ALWAYS_SEARCH_USER_PATHS = NO;
				CLANG_CXX_LANGUAGE_STANDARD = "gnu++0x";
				CLANG_CXX_LIBRARY = "libc++";
				CLANG_ENABLE_MODULES = YES;
				CLANG_ENABLE_OBJC_ARC = YES;
				CLANG_WARN_BOOL_CONVERSION = YES;
				CLANG_WARN_CONSTANT_CONVERSION = YES;
				CLANG_WARN_DIRECT_OBJC_ISA_USAGE = YES_ERROR;
				CLANG_WARN_EMPTY_BODY = YES;
				CLANG_WARN_ENUM_CONVERSION = YES;
				CLANG_WARN_INT_CONVERSION = YES;
				CLANG_WARN_OBJC_ROOT_CLASS = YES_ERROR;
				CLANG_WARN_UNREACHABLE_CODE = YES;
				CLANG_WARN__DUPLICATE_METHOD_MATCH = YES;
				"CODE_SIGN_IDENTITY[sdk=iphoneos*]" = "iPhone Developer";
				COPY_PHASE_STRIP = YES;
				ENABLE_NS_ASSERTIONS = NO;
				ENABLE_STRICT_OBJC_MSGSEND = YES;
				GCC_C_LANGUAGE_STANDARD = gnu99;
				GCC_WARN_64_TO_32_BIT_CONVERSION = YES;
				GCC_WARN_ABOUT_RETURN_TYPE = YES_ERROR;
				GCC_WARN_UNDECLARED_SELECTOR = YES;
				GCC_WARN_UNINITIALIZED_AUTOS = YES_AGGRESSIVE;
				GCC_WARN_UNUSED_FUNCTION = YES;
				GCC_WARN_UNUSED_VARIABLE = YES;
				IPHONEOS_DEPLOYMENT_TARGET = 8.2;
				MTL_ENABLE_DEBUG_INFO = NO;
				SDKROOT = iphoneos;
				VALIDATE_PRODUCT = YES;
			};
			name = Release;
		};
		1CC767021AA32CD700BF3D63 /* Debug */ = {
			isa = XCBuildConfiguration;
			buildSettings = {
				ASSETCATALOG_COMPILER_APPICON_NAME = AppIcon;
				ASSETCATALOG_COMPILER_LAUNCHIMAGE_NAME = LaunchImage;
				INFOPLIST_FILE = "ShutdownMyMac-iOS/Info.plist";
				IPHONEOS_DEPLOYMENT_TARGET = 8.2;
				LD_RUNPATH_SEARCH_PATHS = "$(inherited) @executable_path/Frameworks";
				PRODUCT_NAME = "$(TARGET_NAME)";
				PROVISIONING_PROFILE = "9d2c0253-53d0-4a74-9ac8-423ecd672b77";
				TARGETED_DEVICE_FAMILY = "1,2";
			};
			name = Debug;
		};
		1CC767031AA32CD700BF3D63 /* Release */ = {
			isa = XCBuildConfiguration;
			buildSettings = {
				ASSETCATALOG_COMPILER_APPICON_NAME = AppIcon;
				ASSETCATALOG_COMPILER_LAUNCHIMAGE_NAME = LaunchImage;
				INFOPLIST_FILE = "ShutdownMyMac-iOS/Info.plist";
				IPHONEOS_DEPLOYMENT_TARGET = 8.2;
				LD_RUNPATH_SEARCH_PATHS = "$(inherited) @executable_path/Frameworks";
				PRODUCT_NAME = "$(TARGET_NAME)";
				PROVISIONING_PROFILE = "9d2c0253-53d0-4a74-9ac8-423ecd672b77";
				TARGETED_DEVICE_FAMILY = "1,2";
			};
			name = Release;
		};
		1CCAA3871AED7ED10099516F /* Debug */ = {
			isa = XCBuildConfiguration;
			buildSettings = {
				ASSETCATALOG_COMPILER_APPICON_NAME = AppIcon;
				DEBUG_INFORMATION_FORMAT = "dwarf-with-dsym";
				GCC_NO_COMMON_BLOCKS = YES;
				GCC_PREPROCESSOR_DEFINITIONS = (
					"DEBUG=1",
					"$(inherited)",
				);
				IBSC_MODULE = ShutdownMyMac_WatchKit_Extension;
				INFOPLIST_FILE = "ShutdownMyMac WatchKit App/Info.plist";
				IPHONEOS_DEPLOYMENT_TARGET = 8.2;
				PRODUCT_NAME = "$(TARGET_NAME)";
				SKIP_INSTALL = YES;
				TARGETED_DEVICE_FAMILY = 4;
				"TARGETED_DEVICE_FAMILY[sdk=iphonesimulator*]" = "1,4";
			};
			name = Debug;
		};
		1CCAA3881AED7ED10099516F /* Release */ = {
			isa = XCBuildConfiguration;
			buildSettings = {
				ASSETCATALOG_COMPILER_APPICON_NAME = AppIcon;
				COPY_PHASE_STRIP = NO;
				DEBUG_INFORMATION_FORMAT = "dwarf-with-dsym";
				GCC_NO_COMMON_BLOCKS = YES;
				IBSC_MODULE = ShutdownMyMac_WatchKit_Extension;
				INFOPLIST_FILE = "ShutdownMyMac WatchKit App/Info.plist";
				IPHONEOS_DEPLOYMENT_TARGET = 8.2;
				PRODUCT_NAME = "$(TARGET_NAME)";
				SKIP_INSTALL = YES;
				TARGETED_DEVICE_FAMILY = 4;
				"TARGETED_DEVICE_FAMILY[sdk=iphonesimulator*]" = "1,4";
			};
			name = Release;
		};
		1CCAA38A1AED7ED10099516F /* Debug */ = {
			isa = XCBuildConfiguration;
			buildSettings = {
				DEBUG_INFORMATION_FORMAT = "dwarf-with-dsym";
				GCC_NO_COMMON_BLOCKS = YES;
				GCC_PREPROCESSOR_DEFINITIONS = (
					"DEBUG=1",
					"$(inherited)",
				);
				INFOPLIST_FILE = "ShutdownMyMac WatchKit Extension/Info.plist";
				IPHONEOS_DEPLOYMENT_TARGET = 8.2;
				LD_RUNPATH_SEARCH_PATHS = "$(inherited) @executable_path/Frameworks @executable_path/../../Frameworks";
				PRODUCT_NAME = "${TARGET_NAME}";
				SKIP_INSTALL = YES;
			};
			name = Debug;
		};
		1CCAA38B1AED7ED10099516F /* Release */ = {
			isa = XCBuildConfiguration;
			buildSettings = {
				COPY_PHASE_STRIP = NO;
				DEBUG_INFORMATION_FORMAT = "dwarf-with-dsym";
				GCC_NO_COMMON_BLOCKS = YES;
				INFOPLIST_FILE = "ShutdownMyMac WatchKit Extension/Info.plist";
				IPHONEOS_DEPLOYMENT_TARGET = 8.2;
				LD_RUNPATH_SEARCH_PATHS = "$(inherited) @executable_path/Frameworks @executable_path/../../Frameworks";
				PRODUCT_NAME = "${TARGET_NAME}";
				SKIP_INSTALL = YES;
			};
			name = Release;
		};
/* End XCBuildConfiguration section */

/* Begin XCConfigurationList section */
		1C80F42C1AF3FEE900FC5E45 /* Build configuration list for PBXNativeTarget "ShutdownMyMacShared" */ = {
			isa = XCConfigurationList;
			buildConfigurations = (
				1C80F4281AF3FEE900FC5E45 /* Debug */,
				1C80F4291AF3FEE900FC5E45 /* Release */,
			);
			defaultConfigurationIsVisible = 0;
		};
		1CC766D91AA32CD700BF3D63 /* Build configuration list for PBXProject "ShutdownMyMac-iOS" */ = {
			isa = XCConfigurationList;
			buildConfigurations = (
				1CC766FF1AA32CD700BF3D63 /* Debug */,
				1CC767001AA32CD700BF3D63 /* Release */,
			);
			defaultConfigurationIsVisible = 0;
			defaultConfigurationName = Release;
		};
		1CC767011AA32CD700BF3D63 /* Build configuration list for PBXNativeTarget "ShutdownMyMac-iOS" */ = {
			isa = XCConfigurationList;
			buildConfigurations = (
				1CC767021AA32CD700BF3D63 /* Debug */,
				1CC767031AA32CD700BF3D63 /* Release */,
			);
			defaultConfigurationIsVisible = 0;
			defaultConfigurationName = Release;
		};
		1CCAA3861AED7ED10099516F /* Build configuration list for PBXNativeTarget "ShutdownMyMac WatchKit App" */ = {
			isa = XCConfigurationList;
			buildConfigurations = (
				1CCAA3871AED7ED10099516F /* Debug */,
				1CCAA3881AED7ED10099516F /* Release */,
			);
			defaultConfigurationIsVisible = 0;
			defaultConfigurationName = Release;
		};
		1CCAA3891AED7ED10099516F /* Build configuration list for PBXNativeTarget "ShutdownMyMac WatchKit Extension" */ = {
			isa = XCConfigurationList;
			buildConfigurations = (
				1CCAA38A1AED7ED10099516F /* Debug */,
				1CCAA38B1AED7ED10099516F /* Release */,
			);
			defaultConfigurationIsVisible = 0;
			defaultConfigurationName = Release;
		};
/* End XCConfigurationList section */
	};
	rootObject = 1CC766D61AA32CD700BF3D63 /* Project object */;
}
